<?xml version="1.0" encoding="UTF-8"?>
<Scheme
   LastUpgradeVersion = "1500"
   version = "1.7">
   <BuildAction
      parallelizeBuildables = "YES"
      buildImplicitDependencies = "YES">
      <BuildActionEntries>
         <BuildActionEntry
            buildForTesting = "YES"
            buildForRunning = "YES"
            buildForProfiling = "YES"
            buildForArchiving = "YES"
            buildForAnalyzing = "YES">
            <BuildableReference
               BuildableIdentifier = "primary"
               BlueprintIdentifier = "FF6F08CB2A9FADAC0021DBCD"
               BuildableName = "Let&apos;s_Git_It.app"
               BlueprintName = "Let&apos;s_Git_It"
               ReferencedContainer = "container:Let&apos;s_Git_It.xcodeproj">
            </BuildableReference>
         </BuildActionEntry>
      </BuildActionEntries>
   </BuildAction>
   <TestAction
      buildConfiguration = "Debug"
      selectedDebuggerIdentifier = "Xcode.DebuggerFoundation.Debugger.LLDB"
      selectedLauncherIdentifier = "Xcode.DebuggerFoundation.Launcher.LLDB"
      shouldUseLaunchSchemeArgsEnv = "YES"
      shouldAutocreateTestPlan = "YES">
   </TestAction>
   <LaunchAction
      buildConfiguration = "Debug"
      selectedDebuggerIdentifier = "Xcode.DebuggerFoundation.Debugger.LLDB"
      selectedLauncherIdentifier = "Xcode.DebuggerFoundation.Launcher.LLDB"
      launchStyle = "0"
      useCustomWorkingDirectory = "NO"
      ignoresPersistentStateOnLaunch = "NO"
      debugDocumentVersioning = "YES"
      debugServiceExtension = "internal"
      allowLocationSimulation = "YES">
      <BuildableProductRunnable
         runnableDebuggingMode = "0">
         <BuildableReference
            BuildableIdentifier = "primary"
            BlueprintIdentifier = "FF6F08CB2A9FADAC0021DBCD"
            BuildableName = "Let&apos;s_Git_It.app"
            BlueprintName = "Let&apos;s_Git_It"
            ReferencedContainer = "container:Let&apos;s_Git_It.xcodeproj">
         </BuildableReference>
      </BuildableProductRunnable>
      <CommandLineArguments>
         <CommandLineArgument
            argument = ""
            isEnabled = "YES">
         </CommandLineArgument>
      </CommandLineArguments>
      <EnvironmentVariables>
         <EnvironmentVariable
            key = "CLIENT_ID"
            value = "9323cc3c58d996fc1332"
            isEnabled = "YES">
         </EnvironmentVariable>
         <EnvironmentVariable
            key = "BASE_URL"
            value = "https://hanserver.site"
            isEnabled = "YES">
         </EnvironmentVariable>
         <EnvironmentVariable
            key = "CLIENT_SECRET"
            value = "9fcc451ca42d60ed7e82b3a13c8492e62289c92d"
            isEnabled = "YES">
         </EnvironmentVariable>
      </EnvironmentVariables>
   </LaunchAction>
   <ProfileAction
      buildConfiguration = "Release"
      shouldUseLaunchSchemeArgsEnv = "YES"
      savedToolIdentifier = ""
      useCustomWorkingDirectory = "NO"
      debugDocumentVersioning = "YES">
      <BuildableProductRunnable
         runnableDebuggingMode = "0">
         <BuildableReference
            BuildableIdentifier = "primary"
            BlueprintIdentifier = "FF6F08CB2A9FADAC0021DBCD"
            BuildableName = "Let&apos;s_Git_It.app"
            BlueprintName = "Let&apos;s_Git_It"
            ReferencedContainer = "container:Let&apos;s_Git_It.xcodeproj">
         </BuildableReference>
      </BuildableProductRunnable>
   </ProfileAction>
   <AnalyzeAction
      buildConfiguration = "Debug">
   </AnalyzeAction>
   <ArchiveAction
      buildConfiguration = "Release"
      revealArchiveInOrganizer = "YES">
   </ArchiveAction>
</Scheme>
