// !$*UTF8*$!
{
	archiveVersion = 1;
	classes = {
	};
	objectVersion = 56;
	objects = {

/* Begin PBXBuildFile section */
		FF65AF162AAE0823003F7269 /* TabVC.swift in Sources */ = {isa = PBXBuildFile; fileRef = FF65AF152AAE0823003F7269 /* TabVC.swift */; };
		FF65AF182AAE0913003F7269 /* ProfileVC.swift in Sources */ = {isa = PBXBuildFile; fileRef = FF65AF172AAE0913003F7269 /* ProfileVC.swift */; };
		FF6F08D02A9FADAC0021DBCD /* AppDelegate.swift in Sources */ = {isa = PBXBuildFile; fileRef = FF6F08CF2A9FADAC0021DBCD /* AppDelegate.swift */; };
		FF6F08D22A9FADAC0021DBCD /* SceneDelegate.swift in Sources */ = {isa = PBXBuildFile; fileRef = FF6F08D12A9FADAC0021DBCD /* SceneDelegate.swift */; };
		FF6F08D42A9FADAC0021DBCD /* ViewController.swift in Sources */ = {isa = PBXBuildFile; fileRef = FF6F08D32A9FADAC0021DBCD /* ViewController.swift */; };
		FF6F08D72A9FADAC0021DBCD /* Main.storyboard in Resources */ = {isa = PBXBuildFile; fileRef = FF6F08D52A9FADAC0021DBCD /* Main.storyboard */; };
		FF6F08D92A9FADAD0021DBCD /* Assets.xcassets in Resources */ = {isa = PBXBuildFile; fileRef = FF6F08D82A9FADAD0021DBCD /* Assets.xcassets */; };
		FF6F08DC2A9FADAD0021DBCD /* LaunchScreen.storyboard in Resources */ = {isa = PBXBuildFile; fileRef = FF6F08DA2A9FADAD0021DBCD /* LaunchScreen.storyboard */; };
		FF6F08E72A9FBE9A0021DBCD /* Font.swift in Sources */ = {isa = PBXBuildFile; fileRef = FF6F08E62A9FBE9A0021DBCD /* Font.swift */; };
		FF6F08EB2AA049730021DBCD /* Login.storyboard in Resources */ = {isa = PBXBuildFile; fileRef = FF6F08EA2AA049730021DBCD /* Login.storyboard */; };
		FFAF5F072AAD5C9800D41BFE /* LoginVC.swift in Sources */ = {isa = PBXBuildFile; fileRef = FFAF5F062AAD5C9800D41BFE /* LoginVC.swift */; };
		FFAF5F092AAD5CAE00D41BFE /* LoginData.swift in Sources */ = {isa = PBXBuildFile; fileRef = FFAF5F082AAD5CAE00D41BFE /* LoginData.swift */; };
		FFCBEB572AA7444000B4134E /* Alamofire in Frameworks */ = {isa = PBXBuildFile; productRef = FFCBEB562AA7444000B4134E /* Alamofire */; };
		FFCBEB5A2AA7446D00B4134E /* SwiftyJSON in Frameworks */ = {isa = PBXBuildFile; productRef = FFCBEB592AA7446D00B4134E /* SwiftyJSON */; };
		FFCBEB5C2AA744A700B4134E /* githubData.swift in Sources */ = {isa = PBXBuildFile; fileRef = FFCBEB5B2AA744A700B4134E /* githubData.swift */; };
		FFCBEB5E2AA756FB00B4134E /* CommitData.swift in Sources */ = {isa = PBXBuildFile; fileRef = FFCBEB5D2AA756FB00B4134E /* CommitData.swift */; };
		FFCBEB602AA7597700B4134E /* CommitCell.swift in Sources */ = {isa = PBXBuildFile; fileRef = FFCBEB5F2AA7597700B4134E /* CommitCell.swift */; };
		FFD49B5E2ABF223600DF2F04 /* Lottie in Frameworks */ = {isa = PBXBuildFile; productRef = FFD49B5D2ABF223600DF2F04 /* Lottie */; };
		FFD49B612ABF294F00DF2F04 /* SwiftSoup in Frameworks */ = {isa = PBXBuildFile; productRef = FFD49B602ABF294F00DF2F04 /* SwiftSoup */; };
		FFD9BC1D2AAFEF490020D059 /* RandomSelectionVC.swift in Sources */ = {isa = PBXBuildFile; fileRef = FFD9BC1C2AAFEF490020D059 /* RandomSelectionVC.swift */; };
		FFD9BC222AAFF2D50020D059 /* Json.swift in Sources */ = {isa = PBXBuildFile; fileRef = FFD9BC212AAFF2D50020D059 /* Json.swift */; };
		FFD9BC242AAFF35C0020D059 /* randombox.json in Resources */ = {isa = PBXBuildFile; fileRef = FFD9BC232AAFF35C0020D059 /* randombox.json */; };
		FFD9BC292AB030830020D059 /* RandomVC.swift in Sources */ = {isa = PBXBuildFile; fileRef = FFD9BC282AB030830020D059 /* RandomVC.swift */; };
		FFD9BC2B2AB0346C0020D059 /* selection.json in Resources */ = {isa = PBXBuildFile; fileRef = FFD9BC2A2AB0346C0020D059 /* selection.json */; };
		FFD9BC2E2AB042D90020D059 /* BMJUA_otf.otf in Resources */ = {isa = PBXBuildFile; fileRef = FFD9BC2D2AB042D90020D059 /* BMJUA_otf.otf */; };
		FFD9BC342AB043E70020D059 /* NanumSquareNeoOTF-Eb.otf in Resources */ = {isa = PBXBuildFile; fileRef = FFD9BC2F2AB043E60020D059 /* NanumSquareNeoOTF-Eb.otf */; };
		FFD9BC352AB043E70020D059 /* NanumSquareNeoOTF-Lt.otf in Resources */ = {isa = PBXBuildFile; fileRef = FFD9BC302AB043E60020D059 /* NanumSquareNeoOTF-Lt.otf */; };
		FFD9BC362AB043E70020D059 /* NanumSquareNeoOTF-Rg.otf in Resources */ = {isa = PBXBuildFile; fileRef = FFD9BC312AB043E60020D059 /* NanumSquareNeoOTF-Rg.otf */; };
		FFD9BC372AB043E70020D059 /* NanumSquareNeoOTF-Bd.otf in Resources */ = {isa = PBXBuildFile; fileRef = FFD9BC322AB043E60020D059 /* NanumSquareNeoOTF-Bd.otf */; };
		FFD9BC382AB043E70020D059 /* NanumSquareNeoOTF-Hv.otf in Resources */ = {isa = PBXBuildFile; fileRef = FFD9BC332AB043E70020D059 /* NanumSquareNeoOTF-Hv.otf */; };
		FFD9BC3A2AB046090020D059 /* ColorData.swift in Sources */ = {isa = PBXBuildFile; fileRef = FFD9BC392AB046090020D059 /* ColorData.swift */; };
		FFD9BC3C2AB0821D0020D059 /* box.json in Resources */ = {isa = PBXBuildFile; fileRef = FFD9BC3B2AB0821D0020D059 /* box.json */; };
		FFD9BC3E2AB083420020D059 /* congratuations.json in Resources */ = {isa = PBXBuildFile; fileRef = FFD9BC3D2AB083420020D059 /* congratuations.json */; };
		FFD9BC402AB0878A0020D059 /* tear.json in Resources */ = {isa = PBXBuildFile; fileRef = FFD9BC3F2AB0878A0020D059 /* tear.json */; };
/* End PBXBuildFile section */

/* Begin PBXFileReference section */
		FF65AF152AAE0823003F7269 /* TabVC.swift */ = {isa = PBXFileReference; lastKnownFileType = sourcecode.swift; path = TabVC.swift; sourceTree = "<group>"; };
		FF65AF172AAE0913003F7269 /* ProfileVC.swift */ = {isa = PBXFileReference; lastKnownFileType = sourcecode.swift; path = ProfileVC.swift; sourceTree = "<group>"; };
		FF6F08CC2A9FADAC0021DBCD /* Let's_Git_It.app */ = {isa = PBXFileReference; explicitFileType = wrapper.application; includeInIndex = 0; path = "Let's_Git_It.app"; sourceTree = BUILT_PRODUCTS_DIR; };
		FF6F08CF2A9FADAC0021DBCD /* AppDelegate.swift */ = {isa = PBXFileReference; lastKnownFileType = sourcecode.swift; path = AppDelegate.swift; sourceTree = "<group>"; };
		FF6F08D12A9FADAC0021DBCD /* SceneDelegate.swift */ = {isa = PBXFileReference; lastKnownFileType = sourcecode.swift; path = SceneDelegate.swift; sourceTree = "<group>"; };
		FF6F08D32A9FADAC0021DBCD /* ViewController.swift */ = {isa = PBXFileReference; lastKnownFileType = sourcecode.swift; path = ViewController.swift; sourceTree = "<group>"; };
		FF6F08D62A9FADAC0021DBCD /* Base */ = {isa = PBXFileReference; lastKnownFileType = file.storyboard; name = Base; path = Base.lproj/Main.storyboard; sourceTree = "<group>"; };
		FF6F08D82A9FADAD0021DBCD /* Assets.xcassets */ = {isa = PBXFileReference; lastKnownFileType = folder.assetcatalog; path = Assets.xcassets; sourceTree = "<group>"; };
		FF6F08DB2A9FADAD0021DBCD /* Base */ = {isa = PBXFileReference; lastKnownFileType = file.storyboard; name = Base; path = Base.lproj/LaunchScreen.storyboard; sourceTree = "<group>"; };
		FF6F08DD2A9FADAD0021DBCD /* Info.plist */ = {isa = PBXFileReference; lastKnownFileType = text.plist.xml; path = Info.plist; sourceTree = "<group>"; };
		FF6F08E62A9FBE9A0021DBCD /* Font.swift */ = {isa = PBXFileReference; lastKnownFileType = sourcecode.swift; path = Font.swift; sourceTree = "<group>"; };
		FF6F08EA2AA049730021DBCD /* Login.storyboard */ = {isa = PBXFileReference; lastKnownFileType = file.storyboard; path = Login.storyboard; sourceTree = "<group>"; };
		FFAF5F062AAD5C9800D41BFE /* LoginVC.swift */ = {isa = PBXFileReference; lastKnownFileType = sourcecode.swift; path = LoginVC.swift; sourceTree = "<group>"; };
		FFAF5F082AAD5CAE00D41BFE /* LoginData.swift */ = {isa = PBXFileReference; lastKnownFileType = sourcecode.swift; path = LoginData.swift; sourceTree = "<group>"; };
		FFCBEB5B2AA744A700B4134E /* githubData.swift */ = {isa = PBXFileReference; lastKnownFileType = sourcecode.swift; path = githubData.swift; sourceTree = "<group>"; };
		FFCBEB5D2AA756FB00B4134E /* CommitData.swift */ = {isa = PBXFileReference; lastKnownFileType = sourcecode.swift; path = CommitData.swift; sourceTree = "<group>"; };
		FFCBEB5F2AA7597700B4134E /* CommitCell.swift */ = {isa = PBXFileReference; lastKnownFileType = sourcecode.swift; path = CommitCell.swift; sourceTree = "<group>"; };
		FFD9BC1C2AAFEF490020D059 /* RandomSelectionVC.swift */ = {isa = PBXFileReference; lastKnownFileType = sourcecode.swift; path = RandomSelectionVC.swift; sourceTree = "<group>"; };
		FFD9BC212AAFF2D50020D059 /* Json.swift */ = {isa = PBXFileReference; lastKnownFileType = sourcecode.swift; path = Json.swift; sourceTree = "<group>"; };
		FFD9BC232AAFF35C0020D059 /* randombox.json */ = {isa = PBXFileReference; fileEncoding = 4; lastKnownFileType = text.json; path = randombox.json; sourceTree = "<group>"; };
		FFD9BC282AB030830020D059 /* RandomVC.swift */ = {isa = PBXFileReference; lastKnownFileType = sourcecode.swift; path = RandomVC.swift; sourceTree = "<group>"; };
		FFD9BC2A2AB0346C0020D059 /* selection.json */ = {isa = PBXFileReference; fileEncoding = 4; lastKnownFileType = text.json; path = selection.json; sourceTree = "<group>"; };
		FFD9BC2D2AB042D90020D059 /* BMJUA_otf.otf */ = {isa = PBXFileReference; lastKnownFileType = file; path = BMJUA_otf.otf; sourceTree = "<group>"; };
		FFD9BC2F2AB043E60020D059 /* NanumSquareNeoOTF-Eb.otf */ = {isa = PBXFileReference; lastKnownFileType = file; path = "NanumSquareNeoOTF-Eb.otf"; sourceTree = "<group>"; };
		FFD9BC302AB043E60020D059 /* NanumSquareNeoOTF-Lt.otf */ = {isa = PBXFileReference; lastKnownFileType = file; path = "NanumSquareNeoOTF-Lt.otf"; sourceTree = "<group>"; };
		FFD9BC312AB043E60020D059 /* NanumSquareNeoOTF-Rg.otf */ = {isa = PBXFileReference; lastKnownFileType = file; path = "NanumSquareNeoOTF-Rg.otf"; sourceTree = "<group>"; };
		FFD9BC322AB043E60020D059 /* NanumSquareNeoOTF-Bd.otf */ = {isa = PBXFileReference; lastKnownFileType = file; path = "NanumSquareNeoOTF-Bd.otf"; sourceTree = "<group>"; };
		FFD9BC332AB043E70020D059 /* NanumSquareNeoOTF-Hv.otf */ = {isa = PBXFileReference; lastKnownFileType = file; path = "NanumSquareNeoOTF-Hv.otf"; sourceTree = "<group>"; };
		FFD9BC392AB046090020D059 /* ColorData.swift */ = {isa = PBXFileReference; lastKnownFileType = sourcecode.swift; path = ColorData.swift; sourceTree = "<group>"; };
		FFD9BC3B2AB0821D0020D059 /* box.json */ = {isa = PBXFileReference; fileEncoding = 4; lastKnownFileType = text.json; path = box.json; sourceTree = "<group>"; };
		FFD9BC3D2AB083420020D059 /* congratuations.json */ = {isa = PBXFileReference; fileEncoding = 4; lastKnownFileType = text.json; path = congratuations.json; sourceTree = "<group>"; };
		FFD9BC3F2AB0878A0020D059 /* tear.json */ = {isa = PBXFileReference; fileEncoding = 4; lastKnownFileType = text.json; path = tear.json; sourceTree = "<group>"; };
/* End PBXFileReference section */

/* Begin PBXFrameworksBuildPhase section */
		FF6F08C92A9FADAC0021DBCD /* Frameworks */ = {
			isa = PBXFrameworksBuildPhase;
			buildActionMask = 2147483647;
			files = (
				FFCBEB5A2AA7446D00B4134E /* SwiftyJSON in Frameworks */,
				FFD49B612ABF294F00DF2F04 /* SwiftSoup in Frameworks */,
				FFCBEB572AA7444000B4134E /* Alamofire in Frameworks */,
				FFD49B5E2ABF223600DF2F04 /* Lottie in Frameworks */,
			);
			runOnlyForDeploymentPostprocessing = 0;
		};
/* End PBXFrameworksBuildPhase section */

/* Begin PBXGroup section */
		FF6F08C32A9FADAC0021DBCD = {
			isa = PBXGroup;
			children = (
				FF6F08CE2A9FADAC0021DBCD /* Let's_Git_It */,
				FF6F08CD2A9FADAC0021DBCD /* Products */,
				FFD49B5C2ABF223600DF2F04 /* Frameworks */,
			);
			sourceTree = "<group>";
		};
		FF6F08CD2A9FADAC0021DBCD /* Products */ = {
			isa = PBXGroup;
			children = (
				FF6F08CC2A9FADAC0021DBCD /* Let's_Git_It.app */,
			);
			name = Products;
			sourceTree = "<group>";
		};
		FF6F08CE2A9FADAC0021DBCD /* Let's_Git_It */ = {
			isa = PBXGroup;
			children = (
				FFCBEB4F2AA72B2700B4134E /* Login */,
				FFCBEB402AA72A0C00B4134E /* Profile */,
				FFCBEB3F2AA729E200B4134E /* Growth */,
				FFCBEB3E2AA729DA00B4134E /* Ranking */,
				FFCBEB3D2AA729D500B4134E /* Home */,
				FF6F08E32A9FBD980021DBCD /* Font */,
				FF6F08CF2A9FADAC0021DBCD /* AppDelegate.swift */,
				FF6F08D12A9FADAC0021DBCD /* SceneDelegate.swift */,
				FF6F08D82A9FADAD0021DBCD /* Assets.xcassets */,
				FF6F08DA2A9FADAD0021DBCD /* LaunchScreen.storyboard */,
				FF6F08DD2A9FADAD0021DBCD /* Info.plist */,
			);
			path = "Let's_Git_It";
			sourceTree = "<group>";
		};
		FF6F08E32A9FBD980021DBCD /* Font */ = {
			isa = PBXGroup;
			children = (
				FFD9BC322AB043E60020D059 /* NanumSquareNeoOTF-Bd.otf */,
				FFD9BC2F2AB043E60020D059 /* NanumSquareNeoOTF-Eb.otf */,
				FFD9BC332AB043E70020D059 /* NanumSquareNeoOTF-Hv.otf */,
				FFD9BC302AB043E60020D059 /* NanumSquareNeoOTF-Lt.otf */,
				FFD9BC312AB043E60020D059 /* NanumSquareNeoOTF-Rg.otf */,
				FFD9BC2D2AB042D90020D059 /* BMJUA_otf.otf */,
				FF6F08E62A9FBE9A0021DBCD /* Font.swift */,
			);
			path = Font;
			sourceTree = "<group>";
		};
		FFCBEB3D2AA729D500B4134E /* Home */ = {
			isa = PBXGroup;
			children = (
				FFCBEB412AA72A1700B4134E /* Model */,
				FFCBEB422AA72A1F00B4134E /* View */,
				FFCBEB432AA72A2400B4134E /* Controller */,
			);
			path = Home;
			sourceTree = "<group>";
		};
		FFCBEB3E2AA729DA00B4134E /* Ranking */ = {
			isa = PBXGroup;
			children = (
				FFCBEB462AA72AE900B4134E /* Model */,
				FFCBEB442AA72ADD00B4134E /* Controller */,
			);
			path = Ranking;
			sourceTree = "<group>";
		};
		FFCBEB3F2AA729E200B4134E /* Growth */ = {
			isa = PBXGroup;
			children = (
				FFCBEB4A2AA72B0000B4134E /* Model */,
				FFCBEB492AA72AFB00B4134E /* View */,
				FFCBEB472AA72AEE00B4134E /* Controller */,
			);
			path = Growth;
			sourceTree = "<group>";
		};
		FFCBEB402AA72A0C00B4134E /* Profile */ = {
			isa = PBXGroup;
			children = (
				FFCBEB4E2AA72B1200B4134E /* Model */,
				FFCBEB4D2AA72B0F00B4134E /* View */,
				FFCBEB4B2AA72B0500B4134E /* Controller */,
			);
			path = Profile;
			sourceTree = "<group>";
		};
		FFCBEB412AA72A1700B4134E /* Model */ = {
			isa = PBXGroup;
			children = (
				FFCBEB5B2AA744A700B4134E /* githubData.swift */,
				FFCBEB5D2AA756FB00B4134E /* CommitData.swift */,
			);
			path = Model;
			sourceTree = "<group>";
		};
		FFCBEB422AA72A1F00B4134E /* View */ = {
			isa = PBXGroup;
			children = (
				FF6F08D52A9FADAC0021DBCD /* Main.storyboard */,
				FFCBEB5F2AA7597700B4134E /* CommitCell.swift */,
			);
			path = View;
			sourceTree = "<group>";
		};
		FFCBEB432AA72A2400B4134E /* Controller */ = {
			isa = PBXGroup;
			children = (
				FF6F08D32A9FADAC0021DBCD /* ViewController.swift */,
				FF65AF152AAE0823003F7269 /* TabVC.swift */,
				FF65AF172AAE0913003F7269 /* ProfileVC.swift */,
			);
			path = Controller;
			sourceTree = "<group>";
		};
		FFCBEB442AA72ADD00B4134E /* Controller */ = {
			isa = PBXGroup;
			children = (
				FFD9BC1C2AAFEF490020D059 /* RandomSelectionVC.swift */,
				FFD9BC282AB030830020D059 /* RandomVC.swift */,
			);
			path = Controller;
			sourceTree = "<group>";
		};
		FFCBEB462AA72AE900B4134E /* Model */ = {
			isa = PBXGroup;
			children = (
				FFD9BC232AAFF35C0020D059 /* randombox.json */,
				FFD9BC3D2AB083420020D059 /* congratuations.json */,
				FFD9BC3F2AB0878A0020D059 /* tear.json */,
				FFD9BC3B2AB0821D0020D059 /* box.json */,
				FFD9BC2A2AB0346C0020D059 /* selection.json */,
				FFD9BC212AAFF2D50020D059 /* Json.swift */,
				FFD9BC392AB046090020D059 /* ColorData.swift */,
			);
			path = Model;
			sourceTree = "<group>";
		};
		FFCBEB472AA72AEE00B4134E /* Controller */ = {
			isa = PBXGroup;
			children = (
			);
			path = Controller;
			sourceTree = "<group>";
		};
		FFCBEB492AA72AFB00B4134E /* View */ = {
			isa = PBXGroup;
			children = (
			);
			path = View;
			sourceTree = "<group>";
		};
		FFCBEB4A2AA72B0000B4134E /* Model */ = {
			isa = PBXGroup;
			children = (
			);
			path = Model;
			sourceTree = "<group>";
		};
		FFCBEB4B2AA72B0500B4134E /* Controller */ = {
			isa = PBXGroup;
			children = (
			);
			path = Controller;
			sourceTree = "<group>";
		};
		FFCBEB4D2AA72B0F00B4134E /* View */ = {
			isa = PBXGroup;
			children = (
			);
			path = View;
			sourceTree = "<group>";
		};
		FFCBEB4E2AA72B1200B4134E /* Model */ = {
			isa = PBXGroup;
			children = (
			);
			path = Model;
			sourceTree = "<group>";
		};
		FFCBEB4F2AA72B2700B4134E /* Login */ = {
			isa = PBXGroup;
			children = (
				FFCBEB522AA72B3800B4134E /* Model */,
				FFCBEB512AA72B3200B4134E /* View */,
				FFCBEB502AA72B2C00B4134E /* Controller */,
			);
			path = Login;
			sourceTree = "<group>";
		};
		FFCBEB502AA72B2C00B4134E /* Controller */ = {
			isa = PBXGroup;
			children = (
				FFAF5F062AAD5C9800D41BFE /* LoginVC.swift */,
			);
			path = Controller;
			sourceTree = "<group>";
		};
		FFCBEB512AA72B3200B4134E /* View */ = {
			isa = PBXGroup;
			children = (
				FF6F08EA2AA049730021DBCD /* Login.storyboard */,
			);
			path = View;
			sourceTree = "<group>";
		};
		FFCBEB522AA72B3800B4134E /* Model */ = {
			isa = PBXGroup;
			children = (
				FFAF5F082AAD5CAE00D41BFE /* LoginData.swift */,
			);
			path = Model;
			sourceTree = "<group>";
		};
		FFD49B5C2ABF223600DF2F04 /* Frameworks */ = {
			isa = PBXGroup;
			children = (
			);
			name = Frameworks;
			sourceTree = "<group>";
		};
/* End PBXGroup section */

/* Begin PBXNativeTarget section */
		FF6F08CB2A9FADAC0021DBCD /* Let's_Git_It */ = {
			isa = PBXNativeTarget;
			buildConfigurationList = FF6F08E02A9FADAD0021DBCD /* Build configuration list for PBXNativeTarget "Let's_Git_It" */;
			buildPhases = (
				FF6F08C82A9FADAC0021DBCD /* Sources */,
				FF6F08C92A9FADAC0021DBCD /* Frameworks */,
				FF6F08CA2A9FADAC0021DBCD /* Resources */,
			);
			buildRules = (
			);
			dependencies = (
			);
			name = "Let's_Git_It";
			packageProductDependencies = (
				FFCBEB562AA7444000B4134E /* Alamofire */,
				FFCBEB592AA7446D00B4134E /* SwiftyJSON */,
				FFD49B5D2ABF223600DF2F04 /* Lottie */,
				FFD49B602ABF294F00DF2F04 /* SwiftSoup */,
			);
			productName = "Let's_Git_It";
			productReference = FF6F08CC2A9FADAC0021DBCD /* Let's_Git_It.app */;
			productType = "com.apple.product-type.application";
		};
/* End PBXNativeTarget section */

/* Begin PBXProject section */
		FF6F08C42A9FADAC0021DBCD /* Project object */ = {
			isa = PBXProject;
			attributes = {
				BuildIndependentTargetsInParallel = 1;
				LastSwiftUpdateCheck = 1430;
				LastUpgradeCheck = 1430;
				TargetAttributes = {
					FF6F08CB2A9FADAC0021DBCD = {
						CreatedOnToolsVersion = 14.3.1;
					};
				};
			};
			buildConfigurationList = FF6F08C72A9FADAC0021DBCD /* Build configuration list for PBXProject "Let's_Git_It" */;
			compatibilityVersion = "Xcode 14.0";
			developmentRegion = en;
			hasScannedForEncodings = 0;
			knownRegions = (
				en,
				Base,
			);
			mainGroup = FF6F08C32A9FADAC0021DBCD;
			packageReferences = (
				FFCBEB552AA7444000B4134E /* XCRemoteSwiftPackageReference "Alamofire" */,
				FFCBEB582AA7446D00B4134E /* XCRemoteSwiftPackageReference "SwiftyJSON" */,
				FFD9BC202AAFF1FC0020D059 /* XCRemoteSwiftPackageReference "lottie-ios" */,
				FFD49B5F2ABF294F00DF2F04 /* XCRemoteSwiftPackageReference "SwiftSoup" */,
			);
			productRefGroup = FF6F08CD2A9FADAC0021DBCD /* Products */;
			projectDirPath = "";
			projectRoot = "";
			targets = (
				FF6F08CB2A9FADAC0021DBCD /* Let's_Git_It */,
			);
		};
/* End PBXProject section */

/* Begin PBXResourcesBuildPhase section */
		FF6F08CA2A9FADAC0021DBCD /* Resources */ = {
			isa = PBXResourcesBuildPhase;
			buildActionMask = 2147483647;
			files = (
				FFD9BC3E2AB083420020D059 /* congratuations.json in Resources */,
				FFD9BC2B2AB0346C0020D059 /* selection.json in Resources */,
				FFD9BC402AB0878A0020D059 /* tear.json in Resources */,
				FF6F08EB2AA049730021DBCD /* Login.storyboard in Resources */,
				FF6F08DC2A9FADAD0021DBCD /* LaunchScreen.storyboard in Resources */,
				FF6F08D92A9FADAD0021DBCD /* Assets.xcassets in Resources */,
				FFD9BC2E2AB042D90020D059 /* BMJUA_otf.otf in Resources */,
				FF6F08D72A9FADAC0021DBCD /* Main.storyboard in Resources */,
				FFD9BC352AB043E70020D059 /* NanumSquareNeoOTF-Lt.otf in Resources */,
				FFD9BC342AB043E70020D059 /* NanumSquareNeoOTF-Eb.otf in Resources */,
				FFD9BC362AB043E70020D059 /* NanumSquareNeoOTF-Rg.otf in Resources */,
				FFD9BC382AB043E70020D059 /* NanumSquareNeoOTF-Hv.otf in Resources */,
				FFD9BC372AB043E70020D059 /* NanumSquareNeoOTF-Bd.otf in Resources */,
				FFD9BC242AAFF35C0020D059 /* randombox.json in Resources */,
				FFD9BC3C2AB0821D0020D059 /* box.json in Resources */,
			);
			runOnlyForDeploymentPostprocessing = 0;
		};
/* End PBXResourcesBuildPhase section */

/* Begin PBXSourcesBuildPhase section */
		FF6F08C82A9FADAC0021DBCD /* Sources */ = {
			isa = PBXSourcesBuildPhase;
			buildActionMask = 2147483647;
			files = (
				FF65AF162AAE0823003F7269 /* TabVC.swift in Sources */,
				FF6F08E72A9FBE9A0021DBCD /* Font.swift in Sources */,
				FFD9BC3A2AB046090020D059 /* ColorData.swift in Sources */,
				FFD9BC1D2AAFEF490020D059 /* RandomSelectionVC.swift in Sources */,
				FFD9BC292AB030830020D059 /* RandomVC.swift in Sources */,
				FF6F08D42A9FADAC0021DBCD /* ViewController.swift in Sources */,
				FFAF5F092AAD5CAE00D41BFE /* LoginData.swift in Sources */,
				FFAF5F072AAD5C9800D41BFE /* LoginVC.swift in Sources */,
				FFCBEB5E2AA756FB00B4134E /* CommitData.swift in Sources */,
				FF6F08D02A9FADAC0021DBCD /* AppDelegate.swift in Sources */,
				FFCBEB602AA7597700B4134E /* CommitCell.swift in Sources */,
				FFCBEB5C2AA744A700B4134E /* githubData.swift in Sources */,
				FF65AF182AAE0913003F7269 /* ProfileVC.swift in Sources */,
				FFD9BC222AAFF2D50020D059 /* Json.swift in Sources */,
				FF6F08D22A9FADAC0021DBCD /* SceneDelegate.swift in Sources */,
			);
			runOnlyForDeploymentPostprocessing = 0;
		};
/* End PBXSourcesBuildPhase section */

/* Begin PBXVariantGroup section */
		FF6F08D52A9FADAC0021DBCD /* Main.storyboard */ = {
			isa = PBXVariantGroup;
			children = (
				FF6F08D62A9FADAC0021DBCD /* Base */,
			);
			name = Main.storyboard;
			sourceTree = "<group>";
		};
		FF6F08DA2A9FADAD0021DBCD /* LaunchScreen.storyboard */ = {
			isa = PBXVariantGroup;
			children = (
				FF6F08DB2A9FADAD0021DBCD /* Base */,
			);
			name = LaunchScreen.storyboard;
			sourceTree = "<group>";
		};
/* End PBXVariantGroup section */

/* Begin XCBuildConfiguration section */
		FF6F08DE2A9FADAD0021DBCD /* Debug */ = {
			isa = XCBuildConfiguration;
			buildSettings = {
				ALWAYS_SEARCH_USER_PATHS = NO;
				CLANG_ANALYZER_NONNULL = YES;
				CLANG_ANALYZER_NUMBER_OBJECT_CONVERSION = YES_AGGRESSIVE;
				CLANG_CXX_LANGUAGE_STANDARD = "gnu++20";
				CLANG_ENABLE_MODULES = YES;
				CLANG_ENABLE_OBJC_ARC = YES;
				CLANG_ENABLE_OBJC_WEAK = YES;
				CLANG_WARN_BLOCK_CAPTURE_AUTORELEASING = YES;
				CLANG_WARN_BOOL_CONVERSION = YES;
				CLANG_WARN_COMMA = YES;
				CLANG_WARN_CONSTANT_CONVERSION = YES;
				CLANG_WARN_DEPRECATED_OBJC_IMPLEMENTATIONS = YES;
				CLANG_WARN_DIRECT_OBJC_ISA_USAGE = YES_ERROR;
				CLANG_WARN_DOCUMENTATION_COMMENTS = YES;
				CLANG_WARN_EMPTY_BODY = YES;
				CLANG_WARN_ENUM_CONVERSION = YES;
				CLANG_WARN_INFINITE_RECURSION = YES;
				CLANG_WARN_INT_CONVERSION = YES;
				CLANG_WARN_NON_LITERAL_NULL_CONVERSION = YES;
				CLANG_WARN_OBJC_IMPLICIT_RETAIN_SELF = YES;
				CLANG_WARN_OBJC_LITERAL_CONVERSION = YES;
				CLANG_WARN_OBJC_ROOT_CLASS = YES_ERROR;
				CLANG_WARN_QUOTED_INCLUDE_IN_FRAMEWORK_HEADER = YES;
				CLANG_WARN_RANGE_LOOP_ANALYSIS = YES;
				CLANG_WARN_STRICT_PROTOTYPES = YES;
				CLANG_WARN_SUSPICIOUS_MOVE = YES;
				CLANG_WARN_UNGUARDED_AVAILABILITY = YES_AGGRESSIVE;
				CLANG_WARN_UNREACHABLE_CODE = YES;
				CLANG_WARN__DUPLICATE_METHOD_MATCH = YES;
				COPY_PHASE_STRIP = NO;
				DEBUG_INFORMATION_FORMAT = dwarf;
				ENABLE_STRICT_OBJC_MSGSEND = YES;
				ENABLE_TESTABILITY = YES;
				GCC_C_LANGUAGE_STANDARD = gnu11;
				GCC_DYNAMIC_NO_PIC = NO;
				GCC_NO_COMMON_BLOCKS = YES;
				GCC_OPTIMIZATION_LEVEL = 0;
				GCC_PREPROCESSOR_DEFINITIONS = (
					"DEBUG=1",
					"$(inherited)",
				);
				GCC_WARN_64_TO_32_BIT_CONVERSION = YES;
				GCC_WARN_ABOUT_RETURN_TYPE = YES_ERROR;
				GCC_WARN_UNDECLARED_SELECTOR = YES;
				GCC_WARN_UNINITIALIZED_AUTOS = YES_AGGRESSIVE;
				GCC_WARN_UNUSED_FUNCTION = YES;
				GCC_WARN_UNUSED_VARIABLE = YES;
				IPHONEOS_DEPLOYMENT_TARGET = 16.4;
				MTL_ENABLE_DEBUG_INFO = INCLUDE_SOURCE;
				MTL_FAST_MATH = YES;
				ONLY_ACTIVE_ARCH = YES;
				SDKROOT = iphoneos;
				SWIFT_ACTIVE_COMPILATION_CONDITIONS = DEBUG;
				SWIFT_OPTIMIZATION_LEVEL = "-Onone";
			};
			name = Debug;
		};
		FF6F08DF2A9FADAD0021DBCD /* Release */ = {
			isa = XCBuildConfiguration;
			buildSettings = {
				ALWAYS_SEARCH_USER_PATHS = NO;
				CLANG_ANALYZER_NONNULL = YES;
				CLANG_ANALYZER_NUMBER_OBJECT_CONVERSION = YES_AGGRESSIVE;
				CLANG_CXX_LANGUAGE_STANDARD = "gnu++20";
				CLANG_ENABLE_MODULES = YES;
				CLANG_ENABLE_OBJC_ARC = YES;
				CLANG_ENABLE_OBJC_WEAK = YES;
				CLANG_WARN_BLOCK_CAPTURE_AUTORELEASING = YES;
				CLANG_WARN_BOOL_CONVERSION = YES;
				CLANG_WARN_COMMA = YES;
				CLANG_WARN_CONSTANT_CONVERSION = YES;
				CLANG_WARN_DEPRECATED_OBJC_IMPLEMENTATIONS = YES;
				CLANG_WARN_DIRECT_OBJC_ISA_USAGE = YES_ERROR;
				CLANG_WARN_DOCUMENTATION_COMMENTS = YES;
				CLANG_WARN_EMPTY_BODY = YES;
				CLANG_WARN_ENUM_CONVERSION = YES;
				CLANG_WARN_INFINITE_RECURSION = YES;
				CLANG_WARN_INT_CONVERSION = YES;
				CLANG_WARN_NON_LITERAL_NULL_CONVERSION = YES;
				CLANG_WARN_OBJC_IMPLICIT_RETAIN_SELF = YES;
				CLANG_WARN_OBJC_LITERAL_CONVERSION = YES;
				CLANG_WARN_OBJC_ROOT_CLASS = YES_ERROR;
				CLANG_WARN_QUOTED_INCLUDE_IN_FRAMEWORK_HEADER = YES;
				CLANG_WARN_RANGE_LOOP_ANALYSIS = YES;
				CLANG_WARN_STRICT_PROTOTYPES = YES;
				CLANG_WARN_SUSPICIOUS_MOVE = YES;
				CLANG_WARN_UNGUARDED_AVAILABILITY = YES_AGGRESSIVE;
				CLANG_WARN_UNREACHABLE_CODE = YES;
				CLANG_WARN__DUPLICATE_METHOD_MATCH = YES;
				COPY_PHASE_STRIP = NO;
				DEBUG_INFORMATION_FORMAT = "dwarf-with-dsym";
				ENABLE_NS_ASSERTIONS = NO;
				ENABLE_STRICT_OBJC_MSGSEND = YES;
				GCC_C_LANGUAGE_STANDARD = gnu11;
				GCC_NO_COMMON_BLOCKS = YES;
				GCC_WARN_64_TO_32_BIT_CONVERSION = YES;
				GCC_WARN_ABOUT_RETURN_TYPE = YES_ERROR;
				GCC_WARN_UNDECLARED_SELECTOR = YES;
				GCC_WARN_UNINITIALIZED_AUTOS = YES_AGGRESSIVE;
				GCC_WARN_UNUSED_FUNCTION = YES;
				GCC_WARN_UNUSED_VARIABLE = YES;
				IPHONEOS_DEPLOYMENT_TARGET = 16.4;
				MTL_ENABLE_DEBUG_INFO = NO;
				MTL_FAST_MATH = YES;
				SDKROOT = iphoneos;
				SWIFT_COMPILATION_MODE = wholemodule;
				SWIFT_OPTIMIZATION_LEVEL = "-O";
				VALIDATE_PRODUCT = YES;
			};
			name = Release;
		};
		FF6F08E12A9FADAD0021DBCD /* Debug */ = {
			isa = XCBuildConfiguration;
			buildSettings = {
				ASSETCATALOG_COMPILER_APPICON_NAME = AppIcon;
				ASSETCATALOG_COMPILER_GLOBAL_ACCENT_COLOR_NAME = AccentColor;
				CODE_SIGN_STYLE = Automatic;
				CURRENT_PROJECT_VERSION = 1;
				DEVELOPMENT_TEAM = U6NUHA5DNR;
				GENERATE_INFOPLIST_FILE = YES;
				INFOPLIST_FILE = "Let's_Git_It/Info.plist";
				INFOPLIST_KEY_UIApplicationSupportsIndirectInputEvents = YES;
				INFOPLIST_KEY_UILaunchStoryboardName = LaunchScreen;
				INFOPLIST_KEY_UIMainStoryboardFile = Main;
				INFOPLIST_KEY_UISupportedInterfaceOrientations_iPad = "UIInterfaceOrientationPortrait UIInterfaceOrientationPortraitUpsideDown UIInterfaceOrientationLandscapeLeft UIInterfaceOrientationLandscapeRight";
				INFOPLIST_KEY_UISupportedInterfaceOrientations_iPhone = "UIInterfaceOrientationPortrait UIInterfaceOrientationLandscapeLeft UIInterfaceOrientationLandscapeRight";
				IPHONEOS_DEPLOYMENT_TARGET = 16.4;
				LD_RUNPATH_SEARCH_PATHS = (
					"$(inherited)",
					"@executable_path/Frameworks",
				);
				MARKETING_VERSION = 1.0;
				PRODUCT_BUNDLE_IDENTIFIER = "pr.Let-s-Git-It";
				PRODUCT_NAME = "$(TARGET_NAME)";
				SWIFT_EMIT_LOC_STRINGS = YES;
				SWIFT_VERSION = 5.0;
				TARGETED_DEVICE_FAMILY = "1,2";
			};
			name = Debug;
		};
		FF6F08E22A9FADAD0021DBCD /* Release */ = {
			isa = XCBuildConfiguration;
			buildSettings = {
				ASSETCATALOG_COMPILER_APPICON_NAME = AppIcon;
				ASSETCATALOG_COMPILER_GLOBAL_ACCENT_COLOR_NAME = AccentColor;
				CODE_SIGN_STYLE = Automatic;
				CURRENT_PROJECT_VERSION = 1;
				DEVELOPMENT_TEAM = U6NUHA5DNR;
				GENERATE_INFOPLIST_FILE = YES;
				INFOPLIST_FILE = "Let's_Git_It/Info.plist";
				INFOPLIST_KEY_UIApplicationSupportsIndirectInputEvents = YES;
				INFOPLIST_KEY_UILaunchStoryboardName = LaunchScreen;
				INFOPLIST_KEY_UIMainStoryboardFile = Main;
				INFOPLIST_KEY_UISupportedInterfaceOrientations_iPad = "UIInterfaceOrientationPortrait UIInterfaceOrientationPortraitUpsideDown UIInterfaceOrientationLandscapeLeft UIInterfaceOrientationLandscapeRight";
				INFOPLIST_KEY_UISupportedInterfaceOrientations_iPhone = "UIInterfaceOrientationPortrait UIInterfaceOrientationLandscapeLeft UIInterfaceOrientationLandscapeRight";
				IPHONEOS_DEPLOYMENT_TARGET = 16.4;
				LD_RUNPATH_SEARCH_PATHS = (
					"$(inherited)",
					"@executable_path/Frameworks",
				);
				MARKETING_VERSION = 1.0;
				PRODUCT_BUNDLE_IDENTIFIER = "pr.Let-s-Git-It";
				PRODUCT_NAME = "$(TARGET_NAME)";
				SWIFT_EMIT_LOC_STRINGS = YES;
				SWIFT_VERSION = 5.0;
				TARGETED_DEVICE_FAMILY = "1,2";
			};
			name = Release;
		};
/* End XCBuildConfiguration section */

/* Begin XCConfigurationList section */
		FF6F08C72A9FADAC0021DBCD /* Build configuration list for PBXProject "Let's_Git_It" */ = {
			isa = XCConfigurationList;
			buildConfigurations = (
				FF6F08DE2A9FADAD0021DBCD /* Debug */,
				FF6F08DF2A9FADAD0021DBCD /* Release */,
			);
			defaultConfigurationIsVisible = 0;
			defaultConfigurationName = Release;
		};
		FF6F08E02A9FADAD0021DBCD /* Build configuration list for PBXNativeTarget "Let's_Git_It" */ = {
			isa = XCConfigurationList;
			buildConfigurations = (
				FF6F08E12A9FADAD0021DBCD /* Debug */,
				FF6F08E22A9FADAD0021DBCD /* Release */,
			);
			defaultConfigurationIsVisible = 0;
			defaultConfigurationName = Release;
		};
/* End XCConfigurationList section */

/* Begin XCRemoteSwiftPackageReference section */
		FFCBEB552AA7444000B4134E /* XCRemoteSwiftPackageReference "Alamofire" */ = {
			isa = XCRemoteSwiftPackageReference;
			repositoryURL = "https://github.com/Alamofire/Alamofire.git";
			requirement = {
				kind = upToNextMajorVersion;
				minimumVersion = 5.0.0;
			};
		};
		FFCBEB582AA7446D00B4134E /* XCRemoteSwiftPackageReference "SwiftyJSON" */ = {
			isa = XCRemoteSwiftPackageReference;
			repositoryURL = "https://github.com/SwiftyJSON/SwiftyJSON.git";
			requirement = {
				kind = upToNextMajorVersion;
				minimumVersion = 5.0.0;
			};
		};
		FFD49B5F2ABF294F00DF2F04 /* XCRemoteSwiftPackageReference "SwiftSoup" */ = {
			isa = XCRemoteSwiftPackageReference;
			repositoryURL = "https://github.com/scinfu/SwiftSoup.git";
			requirement = {
				kind = upToNextMajorVersion;
				minimumVersion = 2.6.1;
			};
		};
		FFD9BC202AAFF1FC0020D059 /* XCRemoteSwiftPackageReference "lottie-ios" */ = {
			isa = XCRemoteSwiftPackageReference;
			repositoryURL = "https://github.com/airbnb/lottie-ios.git";
			requirement = {
				kind = upToNextMajorVersion;
				minimumVersion = 4.0.0;
			};
		};
/* End XCRemoteSwiftPackageReference section */

/* Begin XCSwiftPackageProductDependency section */
		FFCBEB562AA7444000B4134E /* Alamofire */ = {
			isa = XCSwiftPackageProductDependency;
			package = FFCBEB552AA7444000B4134E /* XCRemoteSwiftPackageReference "Alamofire" */;
			productName = Alamofire;
		};
		FFCBEB592AA7446D00B4134E /* SwiftyJSON */ = {
			isa = XCSwiftPackageProductDependency;
			package = FFCBEB582AA7446D00B4134E /* XCRemoteSwiftPackageReference "SwiftyJSON" */;
			productName = SwiftyJSON;
		};
		FFD49B5D2ABF223600DF2F04 /* Lottie */ = {
			isa = XCSwiftPackageProductDependency;
			package = FFD9BC202AAFF1FC0020D059 /* XCRemoteSwiftPackageReference "lottie-ios" */;
			productName = Lottie;
		};
		FFD49B602ABF294F00DF2F04 /* SwiftSoup */ = {
			isa = XCSwiftPackageProductDependency;
			package = FFD49B5F2ABF294F00DF2F04 /* XCRemoteSwiftPackageReference "SwiftSoup" */;
			productName = SwiftSoup;
		};
/* End XCSwiftPackageProductDependency section */
	};
	rootObject = FF6F08C42A9FADAC0021DBCD /* Project object */;
}
